// !$*UTF8*$!
{
	archiveVersion = 1;
	classes = {
	};
	objectVersion = 56;
	objects = {

/* Begin PBXBuildFile section */
		109087682A4072F000DD2C2D /* TwoDoApp.swift in Sources */ = {isa = PBXBuildFile; fileRef = 109087672A4072F000DD2C2D /* TwoDoApp.swift */; };
		1090876A2A4072F000DD2C2D /* ContentView.swift in Sources */ = {isa = PBXBuildFile; fileRef = 109087692A4072F000DD2C2D /* ContentView.swift */; };
		1090876C2A4072F200DD2C2D /* Assets.xcassets in Resources */ = {isa = PBXBuildFile; fileRef = 1090876B2A4072F200DD2C2D /* Assets.xcassets */; };
		1090876F2A4072F200DD2C2D /* Preview Assets.xcassets in Resources */ = {isa = PBXBuildFile; fileRef = 1090876E2A4072F200DD2C2D /* Preview Assets.xcassets */; };
		109087762A4075D800DD2C2D /* TaskStore.swift in Sources */ = {isa = PBXBuildFile; fileRef = 109087752A4075D800DD2C2D /* TaskStore.swift */; };
		109087782A40760700DD2C2D /* AddTaskView.swift in Sources */ = {isa = PBXBuildFile; fileRef = 109087772A40760700DD2C2D /* AddTaskView.swift */; };
		1090877A2A40762200DD2C2D /* TaskListView.swift in Sources */ = {isa = PBXBuildFile; fileRef = 109087792A40762200DD2C2D /* TaskListView.swift */; };
		1090877D2A40769400DD2C2D /* ToDoModel.xcdatamodeld in Sources */ = {isa = PBXBuildFile; fileRef = 1090877B2A40769400DD2C2D /* ToDoModel.xcdatamodeld */; };
		1090877F2A40778500DD2C2D /* TaskCell.swift in Sources */ = {isa = PBXBuildFile; fileRef = 1090877E2A40778500DD2C2D /* TaskCell.swift */; };
		109087812A4077BC00DD2C2D /* FilterView.swift in Sources */ = {isa = PBXBuildFile; fileRef = 109087802A4077BC00DD2C2D /* FilterView.swift */; };
		109087862A40854700DD2C2D /* TaskDetailView.swift in Sources */ = {isa = PBXBuildFile; fileRef = 109087852A40854700DD2C2D /* TaskDetailView.swift */; };
		10F734952A4E012100A5735E /* NotificationDelegate.swift in Sources */ = {isa = PBXBuildFile; fileRef = 10F734942A4E012100A5735E /* NotificationDelegate.swift */; };
		10FB5B252A40C57C00F65A5A /* TaskEditor.swift in Sources */ = {isa = PBXBuildFile; fileRef = 10FB5B242A40C57C00F65A5A /* TaskEditor.swift */; };
/* End PBXBuildFile section */

/* Begin PBXFileReference section */
		109087642A4072F000DD2C2D /* TwoDo.app */ = {isa = PBXFileReference; explicitFileType = wrapper.application; includeInIndex = 0; path = TwoDo.app; sourceTree = BUILT_PRODUCTS_DIR; };
		109087672A4072F000DD2C2D /* TwoDoApp.swift */ = {isa = PBXFileReference; lastKnownFileType = sourcecode.swift; path = TwoDoApp.swift; sourceTree = "<group>"; };
		109087692A4072F000DD2C2D /* ContentView.swift */ = {isa = PBXFileReference; lastKnownFileType = sourcecode.swift; path = ContentView.swift; sourceTree = "<group>"; };
		1090876B2A4072F200DD2C2D /* Assets.xcassets */ = {isa = PBXFileReference; lastKnownFileType = folder.assetcatalog; path = Assets.xcassets; sourceTree = "<group>"; };
		1090876E2A4072F200DD2C2D /* Preview Assets.xcassets */ = {isa = PBXFileReference; lastKnownFileType = folder.assetcatalog; path = "Preview Assets.xcassets"; sourceTree = "<group>"; };
		109087752A4075D800DD2C2D /* TaskStore.swift */ = {isa = PBXFileReference; lastKnownFileType = sourcecode.swift; path = TaskStore.swift; sourceTree = "<group>"; };
		109087772A40760700DD2C2D /* AddTaskView.swift */ = {isa = PBXFileReference; lastKnownFileType = sourcecode.swift; path = AddTaskView.swift; sourceTree = "<group>"; };
		109087792A40762200DD2C2D /* TaskListView.swift */ = {isa = PBXFileReference; lastKnownFileType = sourcecode.swift; path = TaskListView.swift; sourceTree = "<group>"; };
		1090877C2A40769400DD2C2D /* ToDoModel.xcdatamodel */ = {isa = PBXFileReference; lastKnownFileType = wrapper.xcdatamodel; path = ToDoModel.xcdatamodel; sourceTree = "<group>"; };
		1090877E2A40778500DD2C2D /* TaskCell.swift */ = {isa = PBXFileReference; lastKnownFileType = sourcecode.swift; path = TaskCell.swift; sourceTree = "<group>"; };
		109087802A4077BC00DD2C2D /* FilterView.swift */ = {isa = PBXFileReference; lastKnownFileType = sourcecode.swift; path = FilterView.swift; sourceTree = "<group>"; };
		109087852A40854700DD2C2D /* TaskDetailView.swift */ = {isa = PBXFileReference; lastKnownFileType = sourcecode.swift; path = TaskDetailView.swift; sourceTree = "<group>"; };
		10F734942A4E012100A5735E /* NotificationDelegate.swift */ = {isa = PBXFileReference; lastKnownFileType = sourcecode.swift; path = NotificationDelegate.swift; sourceTree = "<group>"; };
		10FB5B242A40C57C00F65A5A /* TaskEditor.swift */ = {isa = PBXFileReference; lastKnownFileType = sourcecode.swift; path = TaskEditor.swift; sourceTree = "<group>"; };
/* End PBXFileReference section */

/* Begin PBXFrameworksBuildPhase section */
		109087612A4072F000DD2C2D /* Frameworks */ = {
			isa = PBXFrameworksBuildPhase;
			buildActionMask = 2147483647;
			files = (
			);
			runOnlyForDeploymentPostprocessing = 0;
		};
/* End PBXFrameworksBuildPhase section */

/* Begin PBXGroup section */
		1090875B2A4072F000DD2C2D = {
			isa = PBXGroup;
			children = (
				109087662A4072F000DD2C2D /* TwoDo */,
				109087652A4072F000DD2C2D /* Products */,
			);
			sourceTree = "<group>";
		};
		109087652A4072F000DD2C2D /* Products */ = {
			isa = PBXGroup;
			children = (
				109087642A4072F000DD2C2D /* TwoDo.app */,
			);
			name = Products;
			sourceTree = "<group>";
		};
		109087662A4072F000DD2C2D /* TwoDo */ = {
			isa = PBXGroup;
			children = (
				109087842A40836F00DD2C2D /* View */,
				109087832A40836800DD2C2D /* ViewModel */,
				109087822A40836300DD2C2D /* Model */,
				109087672A4072F000DD2C2D /* TwoDoApp.swift */,
				10F734942A4E012100A5735E /* NotificationDelegate.swift */,
				1090877B2A40769400DD2C2D /* ToDoModel.xcdatamodeld */,
				1090876B2A4072F200DD2C2D /* Assets.xcassets */,
				1090876D2A4072F200DD2C2D /* Preview Content */,
			);
			path = TwoDo;
			sourceTree = "<group>";
		};
		1090876D2A4072F200DD2C2D /* Preview Content */ = {
			isa = PBXGroup;
			children = (
				1090876E2A4072F200DD2C2D /* Preview Assets.xcassets */,
			);
			path = "Preview Content";
			sourceTree = "<group>";
		};
		109087822A40836300DD2C2D /* Model */ = {
			isa = PBXGroup;
			children = (
				109087752A4075D800DD2C2D /* TaskStore.swift */,
			);
			path = Model;
			sourceTree = "<group>";
		};
		109087832A40836800DD2C2D /* ViewModel */ = {
			isa = PBXGroup;
			children = (
				1090877E2A40778500DD2C2D /* TaskCell.swift */,
				10FB5B242A40C57C00F65A5A /* TaskEditor.swift */,
			);
			path = ViewModel;
			sourceTree = "<group>";
		};
		109087842A40836F00DD2C2D /* View */ = {
			isa = PBXGroup;
			children = (
				109087692A4072F000DD2C2D /* ContentView.swift */,
				109087772A40760700DD2C2D /* AddTaskView.swift */,
				109087802A4077BC00DD2C2D /* FilterView.swift */,
				109087792A40762200DD2C2D /* TaskListView.swift */,
				109087852A40854700DD2C2D /* TaskDetailView.swift */,
			);
			path = View;
			sourceTree = "<group>";
		};
/* End PBXGroup section */

/* Begin PBXNativeTarget section */
		109087632A4072F000DD2C2D /* TwoDo */ = {
			isa = PBXNativeTarget;
			buildConfigurationList = 109087722A4072F200DD2C2D /* Build configuration list for PBXNativeTarget "TwoDo" */;
			buildPhases = (
				109087602A4072F000DD2C2D /* Sources */,
				109087612A4072F000DD2C2D /* Frameworks */,
				109087622A4072F000DD2C2D /* Resources */,
			);
			buildRules = (
			);
			dependencies = (
			);
			name = TwoDo;
			productName = TwoDo;
			productReference = 109087642A4072F000DD2C2D /* TwoDo.app */;
			productType = "com.apple.product-type.application";
		};
/* End PBXNativeTarget section */

/* Begin PBXProject section */
		1090875C2A4072F000DD2C2D /* Project object */ = {
			isa = PBXProject;
			attributes = {
				BuildIndependentTargetsInParallel = 1;
				LastSwiftUpdateCheck = 1430;
				LastUpgradeCheck = 1430;
				TargetAttributes = {
					109087632A4072F000DD2C2D = {
						CreatedOnToolsVersion = 14.3;
					};
				};
			};
			buildConfigurationList = 1090875F2A4072F000DD2C2D /* Build configuration list for PBXProject "TwoDo" */;
			compatibilityVersion = "Xcode 14.0";
			developmentRegion = en;
			hasScannedForEncodings = 0;
			knownRegions = (
				en,
				Base,
			);
			mainGroup = 1090875B2A4072F000DD2C2D;
			productRefGroup = 109087652A4072F000DD2C2D /* Products */;
			projectDirPath = "";
			projectRoot = "";
			targets = (
				109087632A4072F000DD2C2D /* TwoDo */,
			);
		};
/* End PBXProject section */

/* Begin PBXResourcesBuildPhase section */
		109087622A4072F000DD2C2D /* Resources */ = {
			isa = PBXResourcesBuildPhase;
			buildActionMask = 2147483647;
			files = (
				1090876F2A4072F200DD2C2D /* Preview Assets.xcassets in Resources */,
				1090876C2A4072F200DD2C2D /* Assets.xcassets in Resources */,
			);
			runOnlyForDeploymentPostprocessing = 0;
		};
/* End PBXResourcesBuildPhase section */

/* Begin PBXSourcesBuildPhase section */
		109087602A4072F000DD2C2D /* Sources */ = {
			isa = PBXSourcesBuildPhase;
			buildActionMask = 2147483647;
			files = (
				1090876A2A4072F000DD2C2D /* ContentView.swift in Sources */,
				10FB5B252A40C57C00F65A5A /* TaskEditor.swift in Sources */,
				1090877F2A40778500DD2C2D /* TaskCell.swift in Sources */,
				1090877D2A40769400DD2C2D /* ToDoModel.xcdatamodeld in Sources */,
				109087682A4072F000DD2C2D /* TwoDoApp.swift in Sources */,
				10F734952A4E012100A5735E /* NotificationDelegate.swift in Sources */,
				109087812A4077BC00DD2C2D /* FilterView.swift in Sources */,
				1090877A2A40762200DD2C2D /* TaskListView.swift in Sources */,
				109087762A4075D800DD2C2D /* TaskStore.swift in Sources */,
				109087782A40760700DD2C2D /* AddTaskView.swift in Sources */,
				109087862A40854700DD2C2D /* TaskDetailView.swift in Sources */,
			);
			runOnlyForDeploymentPostprocessing = 0;
		};
/* End PBXSourcesBuildPhase section */

/* Begin XCBuildConfiguration section */
		109087702A4072F200DD2C2D /* Debug */ = {
			isa = XCBuildConfiguration;
			buildSettings = {
				ALWAYS_SEARCH_USER_PATHS = NO;
				CLANG_ANALYZER_NONNULL = YES;
				CLANG_ANALYZER_NUMBER_OBJECT_CONVERSION = YES_AGGRESSIVE;
				CLANG_CXX_LANGUAGE_STANDARD = "gnu++20";
				CLANG_ENABLE_MODULES = YES;
				CLANG_ENABLE_OBJC_ARC = YES;
				CLANG_ENABLE_OBJC_WEAK = YES;
				CLANG_WARN_BLOCK_CAPTURE_AUTORELEASING = YES;
				CLANG_WARN_BOOL_CONVERSION = YES;
				CLANG_WARN_COMMA = YES;
				CLANG_WARN_CONSTANT_CONVERSION = YES;
				CLANG_WARN_DEPRECATED_OBJC_IMPLEMENTATIONS = YES;
				CLANG_WARN_DIRECT_OBJC_ISA_USAGE = YES_ERROR;
				CLANG_WARN_DOCUMENTATION_COMMENTS = YES;
				CLANG_WARN_EMPTY_BODY = YES;
				CLANG_WARN_ENUM_CONVERSION = YES;
				CLANG_WARN_INFINITE_RECURSION = YES;
				CLANG_WARN_INT_CONVERSION = YES;
				CLANG_WARN_NON_LITERAL_NULL_CONVERSION = YES;
				CLANG_WARN_OBJC_IMPLICIT_RETAIN_SELF = YES;
				CLANG_WARN_OBJC_LITERAL_CONVERSION = YES;
				CLANG_WARN_OBJC_ROOT_CLASS = YES_ERROR;
				CLANG_WARN_QUOTED_INCLUDE_IN_FRAMEWORK_HEADER = YES;
				CLANG_WARN_RANGE_LOOP_ANALYSIS = YES;
				CLANG_WARN_STRICT_PROTOTYPES = YES;
				CLANG_WARN_SUSPICIOUS_MOVE = YES;
				CLANG_WARN_UNGUARDED_AVAILABILITY = YES_AGGRESSIVE;
				CLANG_WARN_UNREACHABLE_CODE = YES;
				CLANG_WARN__DUPLICATE_METHOD_MATCH = YES;
				COPY_PHASE_STRIP = NO;
				DEBUG_INFORMATION_FORMAT = dwarf;
				ENABLE_STRICT_OBJC_MSGSEND = YES;
				ENABLE_TESTABILITY = YES;
				GCC_C_LANGUAGE_STANDARD = gnu11;
				GCC_DYNAMIC_NO_PIC = NO;
				GCC_NO_COMMON_BLOCKS = YES;
				GCC_OPTIMIZATION_LEVEL = 0;
				GCC_PREPROCESSOR_DEFINITIONS = (
					"DEBUG=1",
					"$(inherited)",
				);
				GCC_WARN_64_TO_32_BIT_CONVERSION = YES;
				GCC_WARN_ABOUT_RETURN_TYPE = YES_ERROR;
				GCC_WARN_UNDECLARED_SELECTOR = YES;
				GCC_WARN_UNINITIALIZED_AUTOS = YES_AGGRESSIVE;
				GCC_WARN_UNUSED_FUNCTION = YES;
				GCC_WARN_UNUSED_VARIABLE = YES;
				IPHONEOS_DEPLOYMENT_TARGET = 16.4;
				MTL_ENABLE_DEBUG_INFO = INCLUDE_SOURCE;
				MTL_FAST_MATH = YES;
				ONLY_ACTIVE_ARCH = YES;
				SDKROOT = iphoneos;
				SWIFT_ACTIVE_COMPILATION_CONDITIONS = DEBUG;
				SWIFT_OPTIMIZATION_LEVEL = "-Onone";
			};
			name = Debug;
		};
		109087712A4072F200DD2C2D /* Release */ = {
			isa = XCBuildConfiguration;
			buildSettings = {
				ALWAYS_SEARCH_USER_PATHS = NO;
				CLANG_ANALYZER_NONNULL = YES;
				CLANG_ANALYZER_NUMBER_OBJECT_CONVERSION = YES_AGGRESSIVE;
				CLANG_CXX_LANGUAGE_STANDARD = "gnu++20";
				CLANG_ENABLE_MODULES = YES;
				CLANG_ENABLE_OBJC_ARC = YES;
				CLANG_ENABLE_OBJC_WEAK = YES;
				CLANG_WARN_BLOCK_CAPTURE_AUTORELEASING = YES;
				CLANG_WARN_BOOL_CONVERSION = YES;
				CLANG_WARN_COMMA = YES;
				CLANG_WARN_CONSTANT_CONVERSION = YES;
				CLANG_WARN_DEPRECATED_OBJC_IMPLEMENTATIONS = YES;
				CLANG_WARN_DIRECT_OBJC_ISA_USAGE = YES_ERROR;
				CLANG_WARN_DOCUMENTATION_COMMENTS = YES;
				CLANG_WARN_EMPTY_BODY = YES;
				CLANG_WARN_ENUM_CONVERSION = YES;
				CLANG_WARN_INFINITE_RECURSION = YES;
				CLANG_WARN_INT_CONVERSION = YES;
				CLANG_WARN_NON_LITERAL_NULL_CONVERSION = YES;
				CLANG_WARN_OBJC_IMPLICIT_RETAIN_SELF = YES;
				CLANG_WARN_OBJC_LITERAL_CONVERSION = YES;
				CLANG_WARN_OBJC_ROOT_CLASS = YES_ERROR;
				CLANG_WARN_QUOTED_INCLUDE_IN_FRAMEWORK_HEADER = YES;
				CLANG_WARN_RANGE_LOOP_ANALYSIS = YES;
				CLANG_WARN_STRICT_PROTOTYPES = YES;
				CLANG_WARN_SUSPICIOUS_MOVE = YES;
				CLANG_WARN_UNGUARDED_AVAILABILITY = YES_AGGRESSIVE;
				CLANG_WARN_UNREACHABLE_CODE = YES;
				CLANG_WARN__DUPLICATE_METHOD_MATCH = YES;
				COPY_PHASE_STRIP = NO;
				DEBUG_INFORMATION_FORMAT = "dwarf-with-dsym";
				ENABLE_NS_ASSERTIONS = NO;
				ENABLE_STRICT_OBJC_MSGSEND = YES;
				GCC_C_LANGUAGE_STANDARD = gnu11;
				GCC_NO_COMMON_BLOCKS = YES;
				GCC_WARN_64_TO_32_BIT_CONVERSION = YES;
				GCC_WARN_ABOUT_RETURN_TYPE = YES_ERROR;
				GCC_WARN_UNDECLARED_SELECTOR = YES;
				GCC_WARN_UNINITIALIZED_AUTOS = YES_AGGRESSIVE;
				GCC_WARN_UNUSED_FUNCTION = YES;
				GCC_WARN_UNUSED_VARIABLE = YES;
				IPHONEOS_DEPLOYMENT_TARGET = 16.4;
				MTL_ENABLE_DEBUG_INFO = NO;
				MTL_FAST_MATH = YES;
				SDKROOT = iphoneos;
				SWIFT_COMPILATION_MODE = wholemodule;
				SWIFT_OPTIMIZATION_LEVEL = "-O";
				VALIDATE_PRODUCT = YES;
			};
			name = Release;
		};
		109087732A4072F200DD2C2D /* Debug */ = {
			isa = XCBuildConfiguration;
			buildSettings = {
				ASSETCATALOG_COMPILER_APPICON_NAME = AppIcon;
				ASSETCATALOG_COMPILER_GLOBAL_ACCENT_COLOR_NAME = AccentColor;
				CODE_SIGN_STYLE = Automatic;
				CURRENT_PROJECT_VERSION = 1;
				DEVELOPMENT_ASSET_PATHS = "\"TwoDo/Preview Content\"";
				DEVELOPMENT_TEAM = K9T9S7CL7K;
				ENABLE_PREVIEWS = YES;
				GENERATE_INFOPLIST_FILE = YES;
				INFOPLIST_KEY_UIApplicationSceneManifest_Generation = YES;
				INFOPLIST_KEY_UIApplicationSupportsIndirectInputEvents = YES;
				INFOPLIST_KEY_UILaunchScreen_Generation = YES;
				INFOPLIST_KEY_UISupportedInterfaceOrientations_iPad = "UIInterfaceOrientationPortrait UIInterfaceOrientationPortraitUpsideDown UIInterfaceOrientationLandscapeLeft UIInterfaceOrientationLandscapeRight";
				INFOPLIST_KEY_UISupportedInterfaceOrientations_iPhone = "UIInterfaceOrientationPortrait UIInterfaceOrientationLandscapeLeft UIInterfaceOrientationLandscapeRight";
				LD_RUNPATH_SEARCH_PATHS = (
					"$(inherited)",
					"@executable_path/Frameworks",
				);
				MARKETING_VERSION = 1.0;
				PRODUCT_BUNDLE_IDENTIFIER = com.ozanbilgili.TwoDo;
				PRODUCT_NAME = "$(TARGET_NAME)";
				SWIFT_EMIT_LOC_STRINGS = YES;
				SWIFT_VERSION = 5.0;
				TARGETED_DEVICE_FAMILY = "1,2";
			};
			name = Debug;
		};
		109087742A4072F200DD2C2D /* Release */ = {
			isa = XCBuildConfiguration;
			buildSettings = {
				ASSETCATALOG_COMPILER_APPICON_NAME = AppIcon;
				ASSETCATALOG_COMPILER_GLOBAL_ACCENT_COLOR_NAME = AccentColor;
				CODE_SIGN_STYLE = Automatic;
				CURRENT_PROJECT_VERSION = 1;
				DEVELOPMENT_ASSET_PATHS = "\"TwoDo/Preview Content\"";
				DEVELOPMENT_TEAM = K9T9S7CL7K;
				ENABLE_PREVIEWS = YES;
				GENERATE_INFOPLIST_FILE = YES;
				INFOPLIST_KEY_UIApplicationSceneManifest_Generation = YES;
				INFOPLIST_KEY_UIApplicationSupportsIndirectInputEvents = YES;
				INFOPLIST_KEY_UILaunchScreen_Generation = YES;
				INFOPLIST_KEY_UISupportedInterfaceOrientations_iPad = "UIInterfaceOrientationPortrait UIInterfaceOrientationPortraitUpsideDown UIInterfaceOrientationLandscapeLeft UIInterfaceOrientationLandscapeRight";
				INFOPLIST_KEY_UISupportedInterfaceOrientations_iPhone = "UIInterfaceOrientationPortrait UIInterfaceOrientationLandscapeLeft UIInterfaceOrientationLandscapeRight";
				LD_RUNPATH_SEARCH_PATHS = (
					"$(inherited)",
					"@executable_path/Frameworks",
				);
				MARKETING_VERSION = 1.0;
				PRODUCT_BUNDLE_IDENTIFIER = com.ozanbilgili.TwoDo;
				PRODUCT_NAME = "$(TARGET_NAME)";
				SWIFT_EMIT_LOC_STRINGS = YES;
				SWIFT_VERSION = 5.0;
				TARGETED_DEVICE_FAMILY = "1,2";
			};
			name = Release;
		};
/* End XCBuildConfiguration section */

/* Begin XCConfigurationList section */
		1090875F2A4072F000DD2C2D /* Build configuration list for PBXProject "TwoDo" */ = {
			isa = XCConfigurationList;
			buildConfigurations = (
				109087702A4072F200DD2C2D /* Debug */,
				109087712A4072F200DD2C2D /* Release */,
			);
			defaultConfigurationIsVisible = 0;
			defaultConfigurationName = Release;
		};
		109087722A4072F200DD2C2D /* Build configuration list for PBXNativeTarget "TwoDo" */ = {
			isa = XCConfigurationList;
			buildConfigurations = (
				109087732A4072F200DD2C2D /* Debug */,
				109087742A4072F200DD2C2D /* Release */,
			);
			defaultConfigurationIsVisible = 0;
			defaultConfigurationName = Release;
		};
/* End XCConfigurationList section */

/* Begin XCVersionGroup section */
		1090877B2A40769400DD2C2D /* ToDoModel.xcdatamodeld */ = {
			isa = XCVersionGroup;
			children = (
				1090877C2A40769400DD2C2D /* ToDoModel.xcdatamodel */,
			);
			currentVersion = 1090877C2A40769400DD2C2D /* ToDoModel.xcdatamodel */;
			path = ToDoModel.xcdatamodeld;
			sourceTree = "<group>";
			versionGroupType = wrapper.xcdatamodel;
		};
/* End XCVersionGroup section */
	};
	rootObject = 1090875C2A4072F000DD2C2D /* Project object */;
}
